// !$*UTF8*$!
{
	archiveVersion = 1;
	classes = {
	};
	objectVersion = 50;
	objects = {

/* Begin PBXBuildFile section */
		3206FBC125DC3023006845CC /* AppDelegate.swift in Sources */ = {isa = PBXBuildFile; fileRef = 3206FBC025DC3023006845CC /* AppDelegate.swift */; };
		3206FBC325DC3023006845CC /* SceneDelegate.swift in Sources */ = {isa = PBXBuildFile; fileRef = 3206FBC225DC3023006845CC /* SceneDelegate.swift */; };
		3206FBC825DC3023006845CC /* Main.storyboard in Resources */ = {isa = PBXBuildFile; fileRef = 3206FBC625DC3023006845CC /* Main.storyboard */; };
		3206FBCA25DC3025006845CC /* Assets.xcassets in Resources */ = {isa = PBXBuildFile; fileRef = 3206FBC925DC3025006845CC /* Assets.xcassets */; };
		3206FBCD25DC3025006845CC /* LaunchScreen.storyboard in Resources */ = {isa = PBXBuildFile; fileRef = 3206FBCB25DC3025006845CC /* LaunchScreen.storyboard */; };
		3206FBD925DC30A5006845CC /* UITableViewEtention.swift in Sources */ = {isa = PBXBuildFile; fileRef = 3206FBD825DC30A4006845CC /* UITableViewEtention.swift */; };
		3206FBDB25DC30AA006845CC /* UITableView+ViewExtentuion.swift in Sources */ = {isa = PBXBuildFile; fileRef = 3206FBDA25DC30A9006845CC /* UITableView+ViewExtentuion.swift */; };
		3206FBDD25DC30B4006845CC /* collectionViewExtention.swift in Sources */ = {isa = PBXBuildFile; fileRef = 3206FBDC25DC30B4006845CC /* collectionViewExtention.swift */; };
		3206FBDF25DC3A55006845CC /* HomeVC.swift in Sources */ = {isa = PBXBuildFile; fileRef = 3206FBDE25DC3A55006845CC /* HomeVC.swift */; };
		3206FBE125DC3A68006845CC /* ContainerVC.swift in Sources */ = {isa = PBXBuildFile; fileRef = 3206FBE025DC3A68006845CC /* ContainerVC.swift */; };
		3206FBE325DC3A80006845CC /* SideVC.swift in Sources */ = {isa = PBXBuildFile; fileRef = 3206FBE225DC3A80006845CC /* SideVC.swift */; };
		3206FBE525DC519D006845CC /* Protocols.swift in Sources */ = {isa = PBXBuildFile; fileRef = 3206FBE425DC519D006845CC /* Protocols.swift */; };
		3206FBE725DD9816006845CC /* menuOptionsCellTableViewCell.swift in Sources */ = {isa = PBXBuildFile; fileRef = 3206FBE625DD9816006845CC /* menuOptionsCellTableViewCell.swift */; };
		3206FBE925DDA6E6006845CC /* MenuOption.swift in Sources */ = {isa = PBXBuildFile; fileRef = 3206FBE825DDA6E6006845CC /* MenuOption.swift */; };
/* End PBXBuildFile section */

/* Begin PBXFileReference section */
		3206FBBD25DC3023006845CC /* Second-Design Side Menu.app */ = {isa = PBXFileReference; explicitFileType = wrapper.application; includeInIndex = 0; path = "Second-Design Side Menu.app"; sourceTree = BUILT_PRODUCTS_DIR; };
		3206FBC025DC3023006845CC /* AppDelegate.swift */ = {isa = PBXFileReference; lastKnownFileType = sourcecode.swift; path = AppDelegate.swift; sourceTree = "<group>"; };
		3206FBC225DC3023006845CC /* SceneDelegate.swift */ = {isa = PBXFileReference; lastKnownFileType = sourcecode.swift; path = SceneDelegate.swift; sourceTree = "<group>"; };
		3206FBC725DC3023006845CC /* Base */ = {isa = PBXFileReference; lastKnownFileType = file.storyboard; name = Base; path = Base.lproj/Main.storyboard; sourceTree = "<group>"; };
		3206FBC925DC3025006845CC /* Assets.xcassets */ = {isa = PBXFileReference; lastKnownFileType = folder.assetcatalog; path = Assets.xcassets; sourceTree = "<group>"; };
		3206FBCC25DC3025006845CC /* Base */ = {isa = PBXFileReference; lastKnownFileType = file.storyboard; name = Base; path = Base.lproj/LaunchScreen.storyboard; sourceTree = "<group>"; };
		3206FBCE25DC3025006845CC /* Info.plist */ = {isa = PBXFileReference; lastKnownFileType = text.plist.xml; path = Info.plist; sourceTree = "<group>"; };
		3206FBD825DC30A4006845CC /* UITableViewEtention.swift */ = {isa = PBXFileReference; fileEncoding = 4; lastKnownFileType = sourcecode.swift; path = UITableViewEtention.swift; sourceTree = "<group>"; };
		3206FBDA25DC30A9006845CC /* UITableView+ViewExtentuion.swift */ = {isa = PBXFileReference; fileEncoding = 4; lastKnownFileType = sourcecode.swift; path = "UITableView+ViewExtentuion.swift"; sourceTree = "<group>"; };
		3206FBDC25DC30B4006845CC /* collectionViewExtention.swift */ = {isa = PBXFileReference; fileEncoding = 4; lastKnownFileType = sourcecode.swift; path = collectionViewExtention.swift; sourceTree = "<group>"; };
		3206FBDE25DC3A55006845CC /* HomeVC.swift */ = {isa = PBXFileReference; lastKnownFileType = sourcecode.swift; path = HomeVC.swift; sourceTree = "<group>"; };
		3206FBE025DC3A68006845CC /* ContainerVC.swift */ = {isa = PBXFileReference; lastKnownFileType = sourcecode.swift; path = ContainerVC.swift; sourceTree = "<group>"; };
		3206FBE225DC3A80006845CC /* SideVC.swift */ = {isa = PBXFileReference; lastKnownFileType = sourcecode.swift; path = SideVC.swift; sourceTree = "<group>"; };
		3206FBE425DC519D006845CC /* Protocols.swift */ = {isa = PBXFileReference; lastKnownFileType = sourcecode.swift; path = Protocols.swift; sourceTree = "<group>"; };
		3206FBE625DD9816006845CC /* menuOptionsCellTableViewCell.swift */ = {isa = PBXFileReference; lastKnownFileType = sourcecode.swift; path = menuOptionsCellTableViewCell.swift; sourceTree = "<group>"; };
		3206FBE825DDA6E6006845CC /* MenuOption.swift */ = {isa = PBXFileReference; lastKnownFileType = sourcecode.swift; path = MenuOption.swift; sourceTree = "<group>"; };
/* End PBXFileReference section */

/* Begin PBXFrameworksBuildPhase section */
		3206FBBA25DC3023006845CC /* Frameworks */ = {
			isa = PBXFrameworksBuildPhase;
			buildActionMask = 2147483647;
			files = (
			);
			runOnlyForDeploymentPostprocessing = 0;
		};
/* End PBXFrameworksBuildPhase section */

/* Begin PBXGroup section */
		3206FBB425DC3023006845CC = {
			isa = PBXGroup;
			children = (
				3206FBBF25DC3023006845CC /* Second-Design Side Menu */,
				3206FBBE25DC3023006845CC /* Products */,
			);
			sourceTree = "<group>";
		};
		3206FBBE25DC3023006845CC /* Products */ = {
			isa = PBXGroup;
			children = (
				3206FBBD25DC3023006845CC /* Second-Design Side Menu.app */,
			);
			name = Products;
			sourceTree = "<group>";
		};
		3206FBBF25DC3023006845CC /* Second-Design Side Menu */ = {
			isa = PBXGroup;
			children = (
				3206FBD725DC3064006845CC /* Helpers */,
				3206FBD625DC3049006845CC /* Controller */,
				3206FBD525DC303C006845CC /* View */,
				3206FBD425DC3032006845CC /* Model */,
				3206FBC025DC3023006845CC /* AppDelegate.swift */,
				3206FBC225DC3023006845CC /* SceneDelegate.swift */,
				3206FBC925DC3025006845CC /* Assets.xcassets */,
				3206FBCE25DC3025006845CC /* Info.plist */,
			);
			path = "Second-Design Side Menu";
			sourceTree = "<group>";
		};
		3206FBD425DC3032006845CC /* Model */ = {
			isa = PBXGroup;
			children = (
				3206FBE825DDA6E6006845CC /* MenuOption.swift */,
			);
			path = Model;
			sourceTree = "<group>";
		};
		3206FBD525DC303C006845CC /* View */ = {
			isa = PBXGroup;
			children = (
				3206FBC625DC3023006845CC /* Main.storyboard */,
				3206FBCB25DC3025006845CC /* LaunchScreen.storyboard */,
				3206FBE625DD9816006845CC /* menuOptionsCellTableViewCell.swift */,
			);
			path = View;
			sourceTree = "<group>";
		};
		3206FBD625DC3049006845CC /* Controller */ = {
			isa = PBXGroup;
			children = (
				3206FBE025DC3A68006845CC /* ContainerVC.swift */,
				3206FBDE25DC3A55006845CC /* HomeVC.swift */,
				3206FBE225DC3A80006845CC /* SideVC.swift */,
			);
			path = Controller;
			sourceTree = "<group>";
		};
		3206FBD725DC3064006845CC /* Helpers */ = {
			isa = PBXGroup;
			children = (
				3206FBD825DC30A4006845CC /* UITableViewEtention.swift */,
				3206FBDA25DC30A9006845CC /* UITableView+ViewExtentuion.swift */,
				3206FBDC25DC30B4006845CC /* collectionViewExtention.swift */,
				3206FBE425DC519D006845CC /* Protocols.swift */,
			);
			path = Helpers;
			sourceTree = "<group>";
		};
/* End PBXGroup section */

/* Begin PBXNativeTarget section */
		3206FBBC25DC3023006845CC /* Second-Design Side Menu */ = {
			isa = PBXNativeTarget;
			buildConfigurationList = 3206FBD125DC3025006845CC /* Build configuration list for PBXNativeTarget "Second-Design Side Menu" */;
			buildPhases = (
				3206FBB925DC3023006845CC /* Sources */,
				3206FBBA25DC3023006845CC /* Frameworks */,
				3206FBBB25DC3023006845CC /* Resources */,
			);
			buildRules = (
			);
			dependencies = (
			);
			name = "Second-Design Side Menu";
			productName = "Second-Design Side Menu";
			productReference = 3206FBBD25DC3023006845CC /* Second-Design Side Menu.app */;
			productType = "com.apple.product-type.application";
		};
/* End PBXNativeTarget section */

/* Begin PBXProject section */
		3206FBB525DC3023006845CC /* Project object */ = {
			isa = PBXProject;
			attributes = {
				LastSwiftUpdateCheck = 1120;
				LastUpgradeCheck = 1120;
				ORGANIZATIONNAME = abdelazizReda;
				TargetAttributes = {
					3206FBBC25DC3023006845CC = {
						CreatedOnToolsVersion = 11.2.1;
					};
				};
			};
			buildConfigurationList = 3206FBB825DC3023006845CC /* Build configuration list for PBXProject "Second-Design Side Menu" */;
			compatibilityVersion = "Xcode 9.3";
			developmentRegion = en;
			hasScannedForEncodings = 0;
			knownRegions = (
				en,
				Base,
			);
			mainGroup = 3206FBB425DC3023006845CC;
			productRefGroup = 3206FBBE25DC3023006845CC /* Products */;
			projectDirPath = "";
			projectRoot = "";
			targets = (
				3206FBBC25DC3023006845CC /* Second-Design Side Menu */,
			);
		};
/* End PBXProject section */

/* Begin PBXResourcesBuildPhase section */
		3206FBBB25DC3023006845CC /* Resources */ = {
			isa = PBXResourcesBuildPhase;
			buildActionMask = 2147483647;
			files = (
				3206FBCD25DC3025006845CC /* LaunchScreen.storyboard in Resources */,
				3206FBCA25DC3025006845CC /* Assets.xcassets in Resources */,
				3206FBC825DC3023006845CC /* Main.storyboard in Resources */,
			);
			runOnlyForDeploymentPostprocessing = 0;
		};
/* End PBXResourcesBuildPhase section */

/* Begin PBXSourcesBuildPhase section */
		3206FBB925DC3023006845CC /* Sources */ = {
			isa = PBXSourcesBuildPhase;
			buildActionMask = 2147483647;
			files = (
				3206FBDD25DC30B4006845CC /* collectionViewExtention.swift in Sources */,
				3206FBE725DD9816006845CC /* menuOptionsCellTableViewCell.swift in Sources */,
				3206FBE125DC3A68006845CC /* ContainerVC.swift in Sources */,
				3206FBC125DC3023006845CC /* AppDelegate.swift in Sources */,
				3206FBE525DC519D006845CC /* Protocols.swift in Sources */,
				3206FBC325DC3023006845CC /* SceneDelegate.swift in Sources */,
				3206FBE925DDA6E6006845CC /* MenuOption.swift in Sources */,
				3206FBDF25DC3A55006845CC /* HomeVC.swift in Sources */,
				3206FBE325DC3A80006845CC /* SideVC.swift in Sources */,
				3206FBDB25DC30AA006845CC /* UITableView+ViewExtentuion.swift in Sources */,
				3206FBD925DC30A5006845CC /* UITableViewEtention.swift in Sources */,
			);
			runOnlyForDeploymentPostprocessing = 0;
		};
/* End PBXSourcesBuildPhase section */

/* Begin PBXVariantGroup section */
		3206FBC625DC3023006845CC /* Main.storyboard */ = {
			isa = PBXVariantGroup;
			children = (
				3206FBC725DC3023006845CC /* Base */,
			);
			name = Main.storyboard;
			sourceTree = "<group>";
		};
		3206FBCB25DC3025006845CC /* LaunchScreen.storyboard */ = {
			isa = PBXVariantGroup;
			children = (
				3206FBCC25DC3025006845CC /* Base */,
			);
			name = LaunchScreen.storyboard;
			sourceTree = "<group>";
		};
/* End PBXVariantGroup section */

/* Begin XCBuildConfiguration section */
		3206FBCF25DC3025006845CC /* Debug */ = {
			isa = XCBuildConfiguration;
			buildSettings = {
				ALWAYS_SEARCH_USER_PATHS = NO;
				CLANG_ANALYZER_NONNULL = YES;
				CLANG_ANALYZER_NUMBER_OBJECT_CONVERSION = YES_AGGRESSIVE;
				CLANG_CXX_LANGUAGE_STANDARD = "gnu++14";
				CLANG_CXX_LIBRARY = "libc++";
				CLANG_ENABLE_MODULES = YES;
				CLANG_ENABLE_OBJC_ARC = YES;
				CLANG_ENABLE_OBJC_WEAK = YES;
				CLANG_WARN_BLOCK_CAPTURE_AUTORELEASING = YES;
				CLANG_WARN_BOOL_CONVERSION = YES;
				CLANG_WARN_COMMA = YES;
				CLANG_WARN_CONSTANT_CONVERSION = YES;
				CLANG_WARN_DEPRECATED_OBJC_IMPLEMENTATIONS = YES;
				CLANG_WARN_DIRECT_OBJC_ISA_USAGE = YES_ERROR;
				CLANG_WARN_DOCUMENTATION_COMMENTS = YES;
				CLANG_WARN_EMPTY_BODY = YES;
				CLANG_WARN_ENUM_CONVERSION = YES;
				CLANG_WARN_INFINITE_RECURSION = YES;
				CLANG_WARN_INT_CONVERSION = YES;
				CLANG_WARN_NON_LITERAL_NULL_CONVERSION = YES;
				CLANG_WARN_OBJC_IMPLICIT_RETAIN_SELF = YES;
				CLANG_WARN_OBJC_LITERAL_CONVERSION = YES;
				CLANG_WARN_OBJC_ROOT_CLASS = YES_ERROR;
				CLANG_WARN_RANGE_LOOP_ANALYSIS = YES;
				CLANG_WARN_STRICT_PROTOTYPES = YES;
				CLANG_WARN_SUSPICIOUS_MOVE = YES;
				CLANG_WARN_UNGUARDED_AVAILABILITY = YES_AGGRESSIVE;
				CLANG_WARN_UNREACHABLE_CODE = YES;
				CLANG_WARN__DUPLICATE_METHOD_MATCH = YES;
				COPY_PHASE_STRIP = NO;
				DEBUG_INFORMATION_FORMAT = dwarf;
				ENABLE_STRICT_OBJC_MSGSEND = YES;
				ENABLE_TESTABILITY = YES;
				GCC_C_LANGUAGE_STANDARD = gnu11;
				GCC_DYNAMIC_NO_PIC = NO;
				GCC_NO_COMMON_BLOCKS = YES;
				GCC_OPTIMIZATION_LEVEL = 0;
				GCC_PREPROCESSOR_DEFINITIONS = (
					"DEBUG=1",
					"$(inherited)",
				);
				GCC_WARN_64_TO_32_BIT_CONVERSION = YES;
				GCC_WARN_ABOUT_RETURN_TYPE = YES_ERROR;
				GCC_WARN_UNDECLARED_SELECTOR = YES;
				GCC_WARN_UNINITIALIZED_AUTOS = YES_AGGRESSIVE;
				GCC_WARN_UNUSED_FUNCTION = YES;
				GCC_WARN_UNUSED_VARIABLE = YES;
				IPHONEOS_DEPLOYMENT_TARGET = 13.2;
				MTL_ENABLE_DEBUG_INFO = INCLUDE_SOURCE;
				MTL_FAST_MATH = YES;
				ONLY_ACTIVE_ARCH = YES;
				SDKROOT = iphoneos;
				SWIFT_ACTIVE_COMPILATION_CONDITIONS = DEBUG;
				SWIFT_OPTIMIZATION_LEVEL = "-Onone";
			};
			name = Debug;
		};
		3206FBD025DC3025006845CC /* Release */ = {
			isa = XCBuildConfiguration;
			buildSettings = {
				ALWAYS_SEARCH_USER_PATHS = NO;
				CLANG_ANALYZER_NONNULL = YES;
				CLANG_ANALYZER_NUMBER_OBJECT_CONVERSION = YES_AGGRESSIVE;
				CLANG_CXX_LANGUAGE_STANDARD = "gnu++14";
				CLANG_CXX_LIBRARY = "libc++";
				CLANG_ENABLE_MODULES = YES;
				CLANG_ENABLE_OBJC_ARC = YES;
				CLANG_ENABLE_OBJC_WEAK = YES;
				CLANG_WARN_BLOCK_CAPTURE_AUTORELEASING = YES;
				CLANG_WARN_BOOL_CONVERSION = YES;
				CLANG_WARN_COMMA = YES;
				CLANG_WARN_CONSTANT_CONVERSION = YES;
				CLANG_WARN_DEPRECATED_OBJC_IMPLEMENTATIONS = YES;
				CLANG_WARN_DIRECT_OBJC_ISA_USAGE = YES_ERROR;
				CLANG_WARN_DOCUMENTATION_COMMENTS = YES;
				CLANG_WARN_EMPTY_BODY = YES;
				CLANG_WARN_ENUM_CONVERSION = YES;
				CLANG_WARN_INFINITE_RECURSION = YES;
				CLANG_WARN_INT_CONVERSION = YES;
				CLANG_WARN_NON_LITERAL_NULL_CONVERSION = YES;
				CLANG_WARN_OBJC_IMPLICIT_RETAIN_SELF = YES;
				CLANG_WARN_OBJC_LITERAL_CONVERSION = YES;
				CLANG_WARN_OBJC_ROOT_CLASS = YES_ERROR;
				CLANG_WARN_RANGE_LOOP_ANALYSIS = YES;
				CLANG_WARN_STRICT_PROTOTYPES = YES;
				CLANG_WARN_SUSPICIOUS_MOVE = YES;
				CLANG_WARN_UNGUARDED_AVAILABILITY = YES_AGGRESSIVE;
				CLANG_WARN_UNREACHABLE_CODE = YES;
				CLANG_WARN__DUPLICATE_METHOD_MATCH = YES;
				COPY_PHASE_STRIP = NO;
				DEBUG_INFORMATION_FORMAT = "dwarf-with-dsym";
				ENABLE_NS_ASSERTIONS = NO;
				ENABLE_STRICT_OBJC_MSGSEND = YES;
				GCC_C_LANGUAGE_STANDARD = gnu11;
				GCC_NO_COMMON_BLOCKS = YES;
				GCC_WARN_64_TO_32_BIT_CONVERSION = YES;
				GCC_WARN_ABOUT_RETURN_TYPE = YES_ERROR;
				GCC_WARN_UNDECLARED_SELECTOR = YES;
				GCC_WARN_UNINITIALIZED_AUTOS = YES_AGGRESSIVE;
				GCC_WARN_UNUSED_FUNCTION = YES;
				GCC_WARN_UNUSED_VARIABLE = YES;
				IPHONEOS_DEPLOYMENT_TARGET = 13.2;
				MTL_ENABLE_DEBUG_INFO = NO;
				MTL_FAST_MATH = YES;
				SDKROOT = iphoneos;
				SWIFT_COMPILATION_MODE = wholemodule;
				SWIFT_OPTIMIZATION_LEVEL = "-O";
				VALIDATE_PRODUCT = YES;
			};
			name = Release;
		};
		3206FBD225DC3025006845CC /* Debug */ = {
			isa = XCBuildConfiguration;
			buildSettings = {
				ASSETCATALOG_COMPILER_APPICON_NAME = AppIcon;
				CODE_SIGN_STYLE = Automatic;
				INFOPLIST_FILE = "Second-Design Side Menu/Info.plist";
				LD_RUNPATH_SEARCH_PATHS = (
					"$(inherited)",
					"@executable_path/Frameworks",
				);
				PRODUCT_BUNDLE_IDENTIFIER = "swallower.Second-Design-Side-Menu";
				PRODUCT_NAME = "$(TARGET_NAME)";
				SWIFT_VERSION = 5.0;
				TARGETED_DEVICE_FAMILY = "1,2";
			};
			name = Debug;
		};
		3206FBD325DC3025006845CC /* Release */ = {
			isa = XCBuildConfiguration;
			buildSettings = {
				ASSETCATALOG_COMPILER_APPICON_NAME = AppIcon;
				CODE_SIGN_STYLE = Automatic;
				INFOPLIST_FILE = "Second-Design Side Menu/Info.plist";
				LD_RUNPATH_SEARCH_PATHS = (
					"$(inherited)",
					"@executable_path/Frameworks",
				);
				PRODUCT_BUNDLE_IDENTIFIER = "swallower.Second-Design-Side-Menu";
				PRODUCT_NAME = "$(TARGET_NAME)";
				SWIFT_VERSION = 5.0;
				TARGETED_DEVICE_FAMILY = "1,2";
			};
			name = Release;
		};
/* End XCBuildConfiguration section */

/* Begin XCConfigurationList section */
		3206FBB825DC3023006845CC /* Build configuration list for PBXProject "Second-Design Side Menu" */ = {
			isa = XCConfigurationList;
			buildConfigurations = (
				3206FBCF25DC3025006845CC /* Debug */,
				3206FBD025DC3025006845CC /* Release */,
			);
			defaultConfigurationIsVisible = 0;
			defaultConfigurationName = Release;
		};
		3206FBD125DC3025006845CC /* Build configuration list for PBXNativeTarget "Second-Design Side Menu" */ = {
			isa = XCConfigurationList;
			buildConfigurations = (
				3206FBD225DC3025006845CC /* Debug */,
				3206FBD325DC3025006845CC /* Release */,
			);
			defaultConfigurationIsVisible = 0;
			defaultConfigurationName = Release;
		};
/* End XCConfigurationList section */
	};
	rootObject = 3206FBB525DC3023006845CC /* Project object */;
}
